
Microsoft Visual Studio Solution File, Format Version 12.00
# Visual Studio Version 16
VisualStudioVersion = 16.0.31424.327
MinimumVisualStudioVersion = 10.0.40219.1
Project("{FAE04EC0-301F-11D3-BF4B-00C04F79EFBC}") = "Cards", "Cards\Cards.csproj", "{33FDEDAE-5BB7-4AC0-8559-C78E96B8FB21}"
EndProject
Global
	GlobalSection(SolutionConfigurationPlatforms) = preSolution
		Debug|Any CPU = Debug|Any CPU
		Release|Any CPU = Release|Any CPU
	EndGlobalSection
	GlobalSection(ProjectConfigurationPlatforms) = postSolution
		{33FDEDAE-5BB7-4AC0-8559-C78E96B8FB21}.Debug|Any CPU.ActiveCfg = Debug|Any CPU
		{33FDEDAE-5BB7-4AC0-8559-C78E96B8FB21}.Debug|Any CPU.Build.0 = Debug|Any CPU
		{33FDEDAE-5BB7-4AC0-8559-C78E96B8FB21}.Release|Any CPU.ActiveCfg = Release|Any CPU
		{33FDEDAE-5BB7-4AC0-8559-C78E96B8FB21}.Release|Any CPU.Build.0 = Release|Any CPU
	EndGlobalSection
	GlobalSection(SolutionProperties) = preSolution
		HideSolutionNode = FALSE
	EndGlobalSection
	GlobalSection(ExtensibilityGlobals) = postSolution
		SolutionGuid = {A7939050-0FCB-4FD4-9B05-7EF7C59E5A2A}
	EndGlobalSection
EndGlobal
